
Microsoft Visual Studio Solution File, Format Version 12.00
# Visual Studio Version 16
VisualStudioVersion = 16.0.31205.134
MinimumVisualStudioVersion = 10.0.40219.1
Project("{FAE04EC0-301F-11D3-BF4B-00C04F79EFBC}") = "exemploClasses", "exemploClasses\exemploClasses.csproj", "{984368F7-C155-4A80-8986-C798BB9673CC}"
EndProject
Global
	GlobalSection(SolutionConfigurationPlatforms) = preSolution
		Debug|Any CPU = Debug|Any CPU
		Release|Any CPU = Release|Any CPU
	EndGlobalSection
	GlobalSection(ProjectConfigurationPlatforms) = postSolution
		{984368F7-C155-4A80-8986-C798BB9673CC}.Debug|Any CPU.ActiveCfg = Debug|Any CPU
		{984368F7-C155-4A80-8986-C798BB9673CC}.Debug|Any CPU.Build.0 = Debug|Any CPU
		{984368F7-C155-4A80-8986-C798BB9673CC}.Release|Any CPU.ActiveCfg = Release|Any CPU
		{984368F7-C155-4A80-8986-C798BB9673CC}.Release|Any CPU.Build.0 = Release|Any CPU
	EndGlobalSection
	GlobalSection(SolutionProperties) = preSolution
		HideSolutionNode = FALSE
	EndGlobalSection
	GlobalSection(ExtensibilityGlobals) = postSolution
		SolutionGuid = {0ED0C752-71B1-49BD-AE79-5BDB7E0C6454}
	EndGlobalSection
EndGlobal
